
Microsoft Visual Studio Solution File, Format Version 12.00
# Visual Studio Version 17
VisualStudioVersion = 17.0.31903.59
MinimumVisualStudioVersion = 10.0.40219.1
Project("{2150E333-8FDC-42A3-9474-1A3956D46DE8}") = "Initial Project Contents", "Initial Project Contents", "{274B380A-F4E4-4CC8-9D12-BA867ED3B46E}"
	ProjectSection(SolutionItems) = preProject
		initial-project-contents\.editorconfig = initial-project-contents\.editorconfig
		initial-project-contents\.gitattributes = initial-project-contents\.gitattributes
		initial-project-contents\.gitignore = initial-project-contents\.gitignore
		initial-project-contents\appveyor.yml = initial-project-contents\appveyor.yml
		initial-project-contents\build-package.ps1 = initial-project-contents\build-package.ps1
	EndProjectSection
EndProject
Project("{2150E333-8FDC-42A3-9474-1A3956D46DE8}") = "GitHub", "GitHub", "{CAECA561-0FB1-452A-8F94-A4AA300CD34D}"
	ProjectSection(SolutionItems) = preProject
		initial-project-contents\.github\github-labels.yml = initial-project-contents\.github\github-labels.yml
		initial-project-contents\.github\release-drafter.yml = initial-project-contents\.github\release-drafter.yml
	EndProjectSection
EndProject
Project("{2150E333-8FDC-42A3-9474-1A3956D46DE8}") = "Actions", "Actions", "{4E36C543-3A10-4605-AE5E-097CB9806C7F}"
	ProjectSection(SolutionItems) = preProject
		initial-project-contents\.github\workflows\release-drafter.yml = initial-project-contents\.github\workflows\release-drafter.yml
		initial-project-contents\.github\workflows\update-labels.yml = initial-project-contents\.github\workflows\update-labels.yml
	EndProjectSection
EndProject
Project("{2150E333-8FDC-42A3-9474-1A3956D46DE8}") = "Support Files", "Support Files", "{C9D2F120-3CEA-499A-B5BD-DFF6684631A4}"
	ProjectSection(SolutionItems) = preProject
		.editorconfig = .editorconfig
		.gitattributes = .gitattributes
		.gitignore = .gitignore
		appveyor.yml = appveyor.yml
		build-package.ps1 = build-package.ps1
		Directory.Build.props = Directory.Build.props
		Directory.Build.targets = Directory.Build.targets
		Directory.Packages.props = Directory.Packages.props
		LICENSE.md = LICENSE.md
		README.md = README.md
	EndProjectSection
EndProject
Project("{2150E333-8FDC-42A3-9474-1A3956D46DE8}") = "GitHub", "GitHub", "{8043F9CE-607B-484C-99C0-86C336ED8712}"
	ProjectSection(SolutionItems) = preProject
		.github\github-labels.yml = .github\github-labels.yml
		.github\release-drafter.yml = .github\release-drafter.yml
	EndProjectSection
EndProject
Project("{2150E333-8FDC-42A3-9474-1A3956D46DE8}") = "Actions", "Actions", "{63CFE3C8-FF6E-4351-9143-7EE2FB681E34}"
	ProjectSection(SolutionItems) = preProject
		.github\workflows\release-drafter.yml = .github\workflows\release-drafter.yml
		.github\workflows\update-labels.yml = .github\workflows\update-labels.yml
	EndProjectSection
EndProject
Project("{9A19103F-16F7-4668-BE54-9A1E7A4F7556}") = "MetaBrainz.Build.Sdk", "MetaBrainz.Build.Sdk\MetaBrainz.Build.Sdk.csproj", "{20B49106-BE37-4358-8BBB-7DDD6443B0AA}"
EndProject
Global
	GlobalSection(SolutionConfigurationPlatforms) = preSolution
		Debug|Any CPU = Debug|Any CPU
		Release|Any CPU = Release|Any CPU
	EndGlobalSection
	GlobalSection(ProjectConfigurationPlatforms) = postSolution
		{20B49106-BE37-4358-8BBB-7DDD6443B0AA}.Debug|Any CPU.ActiveCfg = Debug|Any CPU
		{20B49106-BE37-4358-8BBB-7DDD6443B0AA}.Debug|Any CPU.Build.0 = Debug|Any CPU
		{20B49106-BE37-4358-8BBB-7DDD6443B0AA}.Release|Any CPU.ActiveCfg = Release|Any CPU
		{20B49106-BE37-4358-8BBB-7DDD6443B0AA}.Release|Any CPU.Build.0 = Release|Any CPU
	EndGlobalSection
	GlobalSection(SolutionProperties) = preSolution
		HideSolutionNode = FALSE
	EndGlobalSection
	GlobalSection(NestedProjects) = preSolution
		{CAECA561-0FB1-452A-8F94-A4AA300CD34D} = {274B380A-F4E4-4CC8-9D12-BA867ED3B46E}
		{4E36C543-3A10-4605-AE5E-097CB9806C7F} = {CAECA561-0FB1-452A-8F94-A4AA300CD34D}
		{8043F9CE-607B-484C-99C0-86C336ED8712} = {C9D2F120-3CEA-499A-B5BD-DFF6684631A4}
		{63CFE3C8-FF6E-4351-9143-7EE2FB681E34} = {8043F9CE-607B-484C-99C0-86C336ED8712}
	EndGlobalSection
	GlobalSection(ExtensibilityGlobals) = postSolution
		SolutionGuid = {6D9BCE62-8559-497E-9DBE-41808D6F33A9}
	EndGlobalSection
EndGlobal
